<?xml version="1.0" encoding="UTF-8" standalone="yes" ?>
<CodeBlocks_project_file>
	<FileVersion major="1" minor="6" />
	<Project>
		<Option title="GTK_INTERFACE" />
		<Option pch_mode="2" />
		<Option compiler="gcc" />
		<Build>
			<Target title="Debug">
				<Option output="bin/Debug/GTK_INTERFACE" prefix_auto="1" extension_auto="1" />
				<Option object_output="obj/Debug/" />
				<Option type="1" />
				<Option compiler="gcc" />
				<Compiler>
					<Add option="-Wall" />
					<Add option="-g" />
					<Add directory="../../../../../../../GTK/include/gtk-3.0" />
					<Add directory="../../../../../../../GTK/include/glib-2.0" />
					<Add directory="../../../../../../../GTK/lib/glib-2.0/include" />
					<Add directory="../../../../../../../GTK/include/pango-1.0" />
					<Add directory="../../../../../../../GTK/include/cairo" />
					<Add directory="../../../../../../../GTK/include/gdk-pixbuf-2.0" />
					<Add directory="../../../../../../../GTK/include/atk-1.0" />
					<Add directory="../../../../../../../../../Program Files (x86)/CodeBlocks/MinGW/include" />
				</Compiler>
				<Linker>
					<Add option="-lgtk-3 -lgdk-3 -lgdi32 -limm32 -lshell32 -lole32 -Wl,-luuid -lpangocairo-1.0 -lpangoft2-1.0 -lfreetype -lfontconfig -lpangowin32-1.0 -lgdi32 -lpango-1.0 -lm -latk-1.0 -lcairo-gobject -lcairo -lgdk_pixbuf-2.0 -lgio-2.0 -lgobject-2.0 -lglib-2.0 -lintl" />
					<Add library="C:/Program Files (x86)/CodeBlocks/MinGW/lib/libmysqlclient.a" />
					<Add directory="../../../../../../../GTK/lib" />
					<Add directory="../../../../../../../../../Program Files (x86)/CodeBlocks/MinGW/include" />
				</Linker>
			</Target>
			<Target title="Release">
				<Option output="bin/Release/GTK_INTERFACE" prefix_auto="1" extension_auto="1" />
				<Option object_output="obj/Release/" />
				<Option type="1" />
				<Option compiler="gcc" />
				<Compiler>
					<Add option="-O2" />
				</Compiler>
				<Linker>
					<Add option="-s" />
				</Linker>
			</Target>
		</Build>
		<Compiler>
			<Add option="-Wall" />
		</Compiler>
		<Unit filename="main.c">
			<Option compilerVar="CC" />
		</Unit>
		<Extensions>
			<code_completion />
			<envvars />
			<debugger />
			<lib_finder disable_auto="1" />
		</Extensions>
	</Project>
</CodeBlocks_project_file>
