<?xml version="1.0" encoding="UTF-8" standalone="yes" ?>
<CodeBlocks_project_file>
	<FileVersion major="1" minor="6" />
	<Project>
		<Option title="xmlFiles" />
		<Option pch_mode="2" />
		<Option compiler="gcc" />
		<Build>
			<Target title="Debug">
				<Option output="bin/Debug/xmlFiles" prefix_auto="1" extension_auto="1" />
				<Option object_output="obj/Debug/" />
				<Option type="1" />
				<Option compiler="gcc" />
				<Compiler>
					<Add option="-g" />
					<Add directory="../../../../../libxml2-2.7.8.win32/include" />
					<Add directory="../../../../../libxml2-2.7.8.win32/lib" />
					<Add directory="../../../../../iconv-1.9.2.win32/include" />
					<Add directory="../../../../../curl-7.58.0/include/curl" />
					<Add directory="../../../../../curl-7.58.0/lib" />
				</Compiler>
				<Linker>
					<Add option="-lws2_32" />
					<Add library="../../../../../Program Files (x86)/CodeBlocks/MinGW/lib/libmysqlclient.a" />
					<Add library="../../../../../Program Files (x86)/CodeBlocks/MinGW/lib/libxml2.dll.a" />
					<Add library="../../../../../libxml2-2.7.8.win32/lib/libxml2.lib" />
					<Add library="../../../../../Program Files (x86)/CodeBlocks/MinGW/lib/libws2_32.a" />
				</Linker>
			</Target>
			<Target title="Release">
				<Option output="bin/Release/xmlFiles" prefix_auto="1" extension_auto="1" />
				<Option object_output="obj/Release/" />
				<Option type="1" />
				<Option compiler="gcc" />
				<Compiler>
					<Add option="-O2" />
				</Compiler>
				<Linker>
					<Add option="-s" />
				</Linker>
			</Target>
		</Build>
		<Compiler>
			<Add option="-Wall" />
		</Compiler>
		<Unit filename="functions.c">
			<Option compilerVar="CC" />
		</Unit>
		<Unit filename="functions.h" />
		<Unit filename="header.h" />
		<Unit filename="main.c">
			<Option compilerVar="CC" />
		</Unit>
		<Unit filename="prototypes.h" />
		<Extensions>
			<code_completion />
			<envvars />
			<debugger />
			<lib_finder disable_auto="1" />
		</Extensions>
	</Project>
</CodeBlocks_project_file>
